
Microsoft Visual Studio Solution File, Format Version 12.00
# Visual Studio 15
VisualStudioVersion = 15.0.28010.0
MinimumVisualStudioVersion = 10.0.40219.1
Project("{9A19103F-16F7-4668-BE54-9A1E7A4F7556}") = "CSharp_base", "CSharp_base\CSharp_base.csproj", "{69528E69-7C3F-4C46-B2F4-C3946A603CB8}"
EndProject
Project("{FAE04EC0-301F-11D3-BF4B-00C04F79EFBC}") = "Tests", "Tests\Tests.csproj", "{FFB00AF9-115B-48F5-9748-874E4C78C739}"
EndProject
Global
	GlobalSection(SolutionConfigurationPlatforms) = preSolution
		Debug|Any CPU = Debug|Any CPU
		Release|Any CPU = Release|Any CPU
	EndGlobalSection
	GlobalSection(ProjectConfigurationPlatforms) = postSolution
		{69528E69-7C3F-4C46-B2F4-C3946A603CB8}.Debug|Any CPU.ActiveCfg = Debug|Any CPU
		{69528E69-7C3F-4C46-B2F4-C3946A603CB8}.Debug|Any CPU.Build.0 = Debug|Any CPU
		{69528E69-7C3F-4C46-B2F4-C3946A603CB8}.Release|Any CPU.ActiveCfg = Release|Any CPU
		{69528E69-7C3F-4C46-B2F4-C3946A603CB8}.Release|Any CPU.Build.0 = Release|Any CPU
		{FFB00AF9-115B-48F5-9748-874E4C78C739}.Debug|Any CPU.ActiveCfg = Debug|Any CPU
		{FFB00AF9-115B-48F5-9748-874E4C78C739}.Debug|Any CPU.Build.0 = Debug|Any CPU
		{FFB00AF9-115B-48F5-9748-874E4C78C739}.Release|Any CPU.ActiveCfg = Release|Any CPU
		{FFB00AF9-115B-48F5-9748-874E4C78C739}.Release|Any CPU.Build.0 = Release|Any CPU
	EndGlobalSection
	GlobalSection(SolutionProperties) = preSolution
		HideSolutionNode = FALSE
	EndGlobalSection
	GlobalSection(ExtensibilityGlobals) = postSolution
		SolutionGuid = {2FC2F70A-5AA6-40C5-BC74-B5014826192D}
	EndGlobalSection
EndGlobal
